// !$*UTF8*$!
{
	archiveVersion = 1;
	classes = {
	};
	objectVersion = 48;
	objects = {

/* Begin PBXBuildFile section */
		781F56881FD6A2E3002E226A /* AppDelegate.m in Sources */ = {isa = PBXBuildFile; fileRef = 781F56871FD6A2E3002E226A /* AppDelegate.m */; };
		781F568E1FD6A2E3002E226A /* Main.storyboard in Resources */ = {isa = PBXBuildFile; fileRef = 781F568C1FD6A2E3002E226A /* Main.storyboard */; };
		781F56901FD6A2E3002E226A /* Assets.xcassets in Resources */ = {isa = PBXBuildFile; fileRef = 781F568F1FD6A2E3002E226A /* Assets.xcassets */; };
		781F56931FD6A2E3002E226A /* LaunchScreen.storyboard in Resources */ = {isa = PBXBuildFile; fileRef = 781F56911FD6A2E3002E226A /* LaunchScreen.storyboard */; };
		781F56961FD6A2E3002E226A /* main.m in Sources */ = {isa = PBXBuildFile; fileRef = 781F56951FD6A2E3002E226A /* main.m */; };
		781F56A01FD6B045002E226A /* MICollectionViewBubbleLayout.m in Sources */ = {isa = PBXBuildFile; fileRef = 781F569F1FD6B045002E226A /* MICollectionViewBubbleLayout.m */; };
		781F56A31FD6B713002E226A /* MIMainViewController.m in Sources */ = {isa = PBXBuildFile; fileRef = 781F56A21FD6B713002E226A /* MIMainViewController.m */; };
		781F56A61FD6B73F002E226A /* MIBubbleCollectionViewCell.m in Sources */ = {isa = PBXBuildFile; fileRef = 781F56A51FD6B73F002E226A /* MIBubbleCollectionViewCell.m */; };
/* End PBXBuildFile section */

/* Begin PBXFileReference section */
		781F56831FD6A2E3002E226A /* ObjectiveCDemo.app */ = {isa = PBXFileReference; explicitFileType = wrapper.application; includeInIndex = 0; path = ObjectiveCDemo.app; sourceTree = BUILT_PRODUCTS_DIR; };
		781F56861FD6A2E3002E226A /* AppDelegate.h */ = {isa = PBXFileReference; lastKnownFileType = sourcecode.c.h; path = AppDelegate.h; sourceTree = "<group>"; };
		781F56871FD6A2E3002E226A /* AppDelegate.m */ = {isa = PBXFileReference; lastKnownFileType = sourcecode.c.objc; path = AppDelegate.m; sourceTree = "<group>"; };
		781F568D1FD6A2E3002E226A /* Base */ = {isa = PBXFileReference; lastKnownFileType = file.storyboard; name = Base; path = Base.lproj/Main.storyboard; sourceTree = "<group>"; };
		781F568F1FD6A2E3002E226A /* Assets.xcassets */ = {isa = PBXFileReference; lastKnownFileType = folder.assetcatalog; path = Assets.xcassets; sourceTree = "<group>"; };
		781F56921FD6A2E3002E226A /* Base */ = {isa = PBXFileReference; lastKnownFileType = file.storyboard; name = Base; path = Base.lproj/LaunchScreen.storyboard; sourceTree = "<group>"; };
		781F56941FD6A2E3002E226A /* Info.plist */ = {isa = PBXFileReference; lastKnownFileType = text.plist.xml; path = Info.plist; sourceTree = "<group>"; };
		781F56951FD6A2E3002E226A /* main.m */ = {isa = PBXFileReference; lastKnownFileType = sourcecode.c.objc; path = main.m; sourceTree = "<group>"; };
		781F569E1FD6B045002E226A /* MICollectionViewBubbleLayout.h */ = {isa = PBXFileReference; lastKnownFileType = sourcecode.c.h; path = MICollectionViewBubbleLayout.h; sourceTree = "<group>"; };
		781F569F1FD6B045002E226A /* MICollectionViewBubbleLayout.m */ = {isa = PBXFileReference; lastKnownFileType = sourcecode.c.objc; path = MICollectionViewBubbleLayout.m; sourceTree = "<group>"; };
		781F56A11FD6B713002E226A /* MIMainViewController.h */ = {isa = PBXFileReference; lastKnownFileType = sourcecode.c.h; path = MIMainViewController.h; sourceTree = "<group>"; };
		781F56A21FD6B713002E226A /* MIMainViewController.m */ = {isa = PBXFileReference; lastKnownFileType = sourcecode.c.objc; path = MIMainViewController.m; sourceTree = "<group>"; };
		781F56A41FD6B73F002E226A /* MIBubbleCollectionViewCell.h */ = {isa = PBXFileReference; lastKnownFileType = sourcecode.c.h; path = MIBubbleCollectionViewCell.h; sourceTree = "<group>"; };
		781F56A51FD6B73F002E226A /* MIBubbleCollectionViewCell.m */ = {isa = PBXFileReference; lastKnownFileType = sourcecode.c.objc; path = MIBubbleCollectionViewCell.m; sourceTree = "<group>"; };
/* End PBXFileReference section */

/* Begin PBXFrameworksBuildPhase section */
		781F56801FD6A2E3002E226A /* Frameworks */ = {
			isa = PBXFrameworksBuildPhase;
			buildActionMask = 2147483647;
			files = (
			);
			runOnlyForDeploymentPostprocessing = 0;
		};
/* End PBXFrameworksBuildPhase section */

/* Begin PBXGroup section */
		781F567A1FD6A2E3002E226A = {
			isa = PBXGroup;
			children = (
				781F56851FD6A2E3002E226A /* ObjectiveCDemo */,
				781F56841FD6A2E3002E226A /* Products */,
			);
			sourceTree = "<group>";
		};
		781F56841FD6A2E3002E226A /* Products */ = {
			isa = PBXGroup;
			children = (
				781F56831FD6A2E3002E226A /* ObjectiveCDemo.app */,
			);
			name = Products;
			sourceTree = "<group>";
		};
		781F56851FD6A2E3002E226A /* ObjectiveCDemo */ = {
			isa = PBXGroup;
			children = (
				781F56861FD6A2E3002E226A /* AppDelegate.h */,
				781F56871FD6A2E3002E226A /* AppDelegate.m */,
				781F56941FD6A2E3002E226A /* Info.plist */,
				781F568F1FD6A2E3002E226A /* Assets.xcassets */,
				781F56911FD6A2E3002E226A /* LaunchScreen.storyboard */,
				781F568C1FD6A2E3002E226A /* Main.storyboard */,
				781F569D1FD6A4A5002E226A /* Class */,
				781F56951FD6A2E3002E226A /* main.m */,
			);
			path = ObjectiveCDemo;
			sourceTree = "<group>";
		};
		781F569D1FD6A4A5002E226A /* Class */ = {
			isa = PBXGroup;
			children = (
				781F56A11FD6B713002E226A /* MIMainViewController.h */,
				781F56A21FD6B713002E226A /* MIMainViewController.m */,
				781F56A41FD6B73F002E226A /* MIBubbleCollectionViewCell.h */,
				781F56A51FD6B73F002E226A /* MIBubbleCollectionViewCell.m */,
				781F569E1FD6B045002E226A /* MICollectionViewBubbleLayout.h */,
				781F569F1FD6B045002E226A /* MICollectionViewBubbleLayout.m */,
			);
			path = Class;
			sourceTree = "<group>";
		};
/* End PBXGroup section */

/* Begin PBXNativeTarget section */
		781F56821FD6A2E3002E226A /* ObjectiveCDemo */ = {
			isa = PBXNativeTarget;
			buildConfigurationList = 781F56991FD6A2E3002E226A /* Build configuration list for PBXNativeTarget "ObjectiveCDemo" */;
			buildPhases = (
				781F567F1FD6A2E3002E226A /* Sources */,
				781F56801FD6A2E3002E226A /* Frameworks */,
				781F56811FD6A2E3002E226A /* Resources */,
			);
			buildRules = (
			);
			dependencies = (
			);
			name = ObjectiveCDemo;
			productName = ObjectiveCDemo;
			productReference = 781F56831FD6A2E3002E226A /* ObjectiveCDemo.app */;
			productType = "com.apple.product-type.application";
		};
/* End PBXNativeTarget section */

/* Begin PBXProject section */
		781F567B1FD6A2E3002E226A /* Project object */ = {
			isa = PBXProject;
			attributes = {
				LastUpgradeCheck = 1240;
				ORGANIZATIONNAME = "Jignesh-0007";
				TargetAttributes = {
					781F56821FD6A2E3002E226A = {
						CreatedOnToolsVersion = 9.1;
						ProvisioningStyle = Manual;
					};
				};
			};
			buildConfigurationList = 781F567E1FD6A2E3002E226A /* Build configuration list for PBXProject "ObjectiveCDemo" */;
			compatibilityVersion = "Xcode 8.0";
			developmentRegion = en;
			hasScannedForEncodings = 0;
			knownRegions = (
				en,
				Base,
			);
			mainGroup = 781F567A1FD6A2E3002E226A;
			productRefGroup = 781F56841FD6A2E3002E226A /* Products */;
			projectDirPath = "";
			projectRoot = "";
			targets = (
				781F56821FD6A2E3002E226A /* ObjectiveCDemo */,
			);
		};
/* End PBXProject section */

/* Begin PBXResourcesBuildPhase section */
		781F56811FD6A2E3002E226A /* Resources */ = {
			isa = PBXResourcesBuildPhase;
			buildActionMask = 2147483647;
			files = (
				781F56931FD6A2E3002E226A /* LaunchScreen.storyboard in Resources */,
				781F56901FD6A2E3002E226A /* Assets.xcassets in Resources */,
				781F568E1FD6A2E3002E226A /* Main.storyboard in Resources */,
			);
			runOnlyForDeploymentPostprocessing = 0;
		};
/* End PBXResourcesBuildPhase section */

/* Begin PBXSourcesBuildPhase section */
		781F567F1FD6A2E3002E226A /* Sources */ = {
			isa = PBXSourcesBuildPhase;
			buildActionMask = 2147483647;
			files = (
				781F56A61FD6B73F002E226A /* MIBubbleCollectionViewCell.m in Sources */,
				781F56A01FD6B045002E226A /* MICollectionViewBubbleLayout.m in Sources */,
				781F56961FD6A2E3002E226A /* main.m in Sources */,
				781F56881FD6A2E3002E226A /* AppDelegate.m in Sources */,
				781F56A31FD6B713002E226A /* MIMainViewController.m in Sources */,
			);
			runOnlyForDeploymentPostprocessing = 0;
		};
/* End PBXSourcesBuildPhase section */

/* Begin PBXVariantGroup section */
		781F568C1FD6A2E3002E226A /* Main.storyboard */ = {
			isa = PBXVariantGroup;
			children = (
				781F568D1FD6A2E3002E226A /* Base */,
			);
			name = Main.storyboard;
			sourceTree = "<group>";
		};
		781F56911FD6A2E3002E226A /* LaunchScreen.storyboard */ = {
			isa = PBXVariantGroup;
			children = (
				781F56921FD6A2E3002E226A /* Base */,
			);
			name = LaunchScreen.storyboard;
			sourceTree = "<group>";
		};
/* End PBXVariantGroup section */

/* Begin XCBuildConfiguration section */
		781F56971FD6A2E3002E226A /* Debug */ = {
			isa = XCBuildConfiguration;
			buildSettings = {
				ALWAYS_SEARCH_USER_PATHS = NO;
				CLANG_ANALYZER_NONNULL = YES;
				CLANG_ANALYZER_NUMBER_OBJECT_CONVERSION = YES_AGGRESSIVE;
				CLANG_CXX_LANGUAGE_STANDARD = "gnu++14";
				CLANG_CXX_LIBRARY = "libc++";
				CLANG_ENABLE_MODULES = YES;
				CLANG_ENABLE_OBJC_ARC = YES;
				CLANG_WARN_BLOCK_CAPTURE_AUTORELEASING = YES;
				CLANG_WARN_BOOL_CONVERSION = YES;
				CLANG_WARN_COMMA = YES;
				CLANG_WARN_CONSTANT_CONVERSION = YES;
				CLANG_WARN_DEPRECATED_OBJC_IMPLEMENTATIONS = YES;
				CLANG_WARN_DIRECT_OBJC_ISA_USAGE = YES_ERROR;
				CLANG_WARN_DOCUMENTATION_COMMENTS = YES;
				CLANG_WARN_EMPTY_BODY = YES;
				CLANG_WARN_ENUM_CONVERSION = YES;
				CLANG_WARN_INFINITE_RECURSION = YES;
				CLANG_WARN_INT_CONVERSION = YES;
				CLANG_WARN_NON_LITERAL_NULL_CONVERSION = YES;
				CLANG_WARN_OBJC_IMPLICIT_RETAIN_SELF = YES;
				CLANG_WARN_OBJC_LITERAL_CONVERSION = YES;
				CLANG_WARN_OBJC_ROOT_CLASS = YES_ERROR;
				CLANG_WARN_QUOTED_INCLUDE_IN_FRAMEWORK_HEADER = YES;
				CLANG_WARN_RANGE_LOOP_ANALYSIS = YES;
				CLANG_WARN_STRICT_PROTOTYPES = YES;
				CLANG_WARN_SUSPICIOUS_MOVE = YES;
				CLANG_WARN_UNGUARDED_AVAILABILITY = YES_AGGRESSIVE;
				CLANG_WARN_UNREACHABLE_CODE = YES;
				CLANG_WARN__DUPLICATE_METHOD_MATCH = YES;
				CODE_SIGN_IDENTITY = "iPhone Developer";
				COPY_PHASE_STRIP = NO;
				DEBUG_INFORMATION_FORMAT = dwarf;
				ENABLE_STRICT_OBJC_MSGSEND = YES;
				ENABLE_TESTABILITY = YES;
				GCC_C_LANGUAGE_STANDARD = gnu11;
				GCC_DYNAMIC_NO_PIC = NO;
				GCC_NO_COMMON_BLOCKS = YES;
				GCC_OPTIMIZATION_LEVEL = 0;
				GCC_PREPROCESSOR_DEFINITIONS = (
					"DEBUG=1",
					"$(inherited)",
				);
				GCC_WARN_64_TO_32_BIT_CONVERSION = YES;
				GCC_WARN_ABOUT_RETURN_TYPE = YES_ERROR;
				GCC_WARN_UNDECLARED_SELECTOR = YES;
				GCC_WARN_UNINITIALIZED_AUTOS = YES_AGGRESSIVE;
				GCC_WARN_UNUSED_FUNCTION = YES;
				GCC_WARN_UNUSED_VARIABLE = YES;
				IPHONEOS_DEPLOYMENT_TARGET = 11.0;
				MTL_ENABLE_DEBUG_INFO = YES;
				ONLY_ACTIVE_ARCH = YES;
				SDKROOT = iphoneos;
			};
			name = Debug;
		};
		781F56981FD6A2E3002E226A /* Release */ = {
			isa = XCBuildConfiguration;
			buildSettings = {
				ALWAYS_SEARCH_USER_PATHS = NO;
				CLANG_ANALYZER_NONNULL = YES;
				CLANG_ANALYZER_NUMBER_OBJECT_CONVERSION = YES_AGGRESSIVE;
				CLANG_CXX_LANGUAGE_STANDARD = "gnu++14";
				CLANG_CXX_LIBRARY = "libc++";
				CLANG_ENABLE_MODULES = YES;
				CLANG_ENABLE_OBJC_ARC = YES;
				CLANG_WARN_BLOCK_CAPTURE_AUTORELEASING = YES;
				CLANG_WARN_BOOL_CONVERSION = YES;
				CLANG_WARN_COMMA = YES;
				CLANG_WARN_CONSTANT_CONVERSION = YES;
				CLANG_WARN_DEPRECATED_OBJC_IMPLEMENTATIONS = YES;
				CLANG_WARN_DIRECT_OBJC_ISA_USAGE = YES_ERROR;
				CLANG_WARN_DOCUMENTATION_COMMENTS = YES;
				CLANG_WARN_EMPTY_BODY = YES;
				CLANG_WARN_ENUM_CONVERSION = YES;
				CLANG_WARN_INFINITE_RECURSION = YES;
				CLANG_WARN_INT_CONVERSION = YES;
				CLANG_WARN_NON_LITERAL_NULL_CONVERSION = YES;
				CLANG_WARN_OBJC_IMPLICIT_RETAIN_SELF = YES;
				CLANG_WARN_OBJC_LITERAL_CONVERSION = YES;
				CLANG_WARN_OBJC_ROOT_CLASS = YES_ERROR;
				CLANG_WARN_QUOTED_INCLUDE_IN_FRAMEWORK_HEADER = YES;
				CLANG_WARN_RANGE_LOOP_ANALYSIS = YES;
				CLANG_WARN_STRICT_PROTOTYPES = YES;
				CLANG_WARN_SUSPICIOUS_MOVE = YES;
				CLANG_WARN_UNGUARDED_AVAILABILITY = YES_AGGRESSIVE;
				CLANG_WARN_UNREACHABLE_CODE = YES;
				CLANG_WARN__DUPLICATE_METHOD_MATCH = YES;
				CODE_SIGN_IDENTITY = "iPhone Developer";
				COPY_PHASE_STRIP = NO;
				DEBUG_INFORMATION_FORMAT = "dwarf-with-dsym";
				ENABLE_NS_ASSERTIONS = NO;
				ENABLE_STRICT_OBJC_MSGSEND = YES;
				GCC_C_LANGUAGE_STANDARD = gnu11;
				GCC_NO_COMMON_BLOCKS = YES;
				GCC_WARN_64_TO_32_BIT_CONVERSION = YES;
				GCC_WARN_ABOUT_RETURN_TYPE = YES_ERROR;
				GCC_WARN_UNDECLARED_SELECTOR = YES;
				GCC_WARN_UNINITIALIZED_AUTOS = YES_AGGRESSIVE;
				GCC_WARN_UNUSED_FUNCTION = YES;
				GCC_WARN_UNUSED_VARIABLE = YES;
				IPHONEOS_DEPLOYMENT_TARGET = 11.0;
				MTL_ENABLE_DEBUG_INFO = NO;
				SDKROOT = iphoneos;
				VALIDATE_PRODUCT = YES;
			};
			name = Release;
		};
		781F569A1FD6A2E3002E226A /* Debug */ = {
			isa = XCBuildConfiguration;
			buildSettings = {
				ASSETCATALOG_COMPILER_APPICON_NAME = AppIcon;
				CODE_SIGN_STYLE = Manual;
				DEVELOPMENT_TEAM = "";
				INFOPLIST_FILE = ObjectiveCDemo/Info.plist;
				IPHONEOS_DEPLOYMENT_TARGET = 11.0;
				LD_RUNPATH_SEARCH_PATHS = "$(inherited) @executable_path/Frameworks";
				PRODUCT_BUNDLE_IDENTIFIER = com.mi.ObjectiveCDemo;
				PRODUCT_NAME = "$(TARGET_NAME)";
				PROVISIONING_PROFILE_SPECIFIER = "";
				TARGETED_DEVICE_FAMILY = "1,2";
			};
			name = Debug;
		};
		781F569B1FD6A2E3002E226A /* Release */ = {
			isa = XCBuildConfiguration;
			buildSettings = {
				ASSETCATALOG_COMPILER_APPICON_NAME = AppIcon;
				CODE_SIGN_STYLE = Manual;
				DEVELOPMENT_TEAM = "";
				INFOPLIST_FILE = ObjectiveCDemo/Info.plist;
				IPHONEOS_DEPLOYMENT_TARGET = 11.0;
				LD_RUNPATH_SEARCH_PATHS = "$(inherited) @executable_path/Frameworks";
				PRODUCT_BUNDLE_IDENTIFIER = com.mi.ObjectiveCDemo;
				PRODUCT_NAME = "$(TARGET_NAME)";
				PROVISIONING_PROFILE_SPECIFIER = "";
				TARGETED_DEVICE_FAMILY = "1,2";
			};
			name = Release;
		};
/* End XCBuildConfiguration section */

/* Begin XCConfigurationList section */
		781F567E1FD6A2E3002E226A /* Build configuration list for PBXProject "ObjectiveCDemo" */ = {
			isa = XCConfigurationList;
			buildConfigurations = (
				781F56971FD6A2E3002E226A /* Debug */,
				781F56981FD6A2E3002E226A /* Release */,
			);
			defaultConfigurationIsVisible = 0;
			defaultConfigurationName = Release;
		};
		781F56991FD6A2E3002E226A /* Build configuration list for PBXNativeTarget "ObjectiveCDemo" */ = {
			isa = XCConfigurationList;
			buildConfigurations = (
				781F569A1FD6A2E3002E226A /* Debug */,
				781F569B1FD6A2E3002E226A /* Release */,
			);
			defaultConfigurationIsVisible = 0;
			defaultConfigurationName = Release;
		};
/* End XCConfigurationList section */
	};
	rootObject = 781F567B1FD6A2E3002E226A /* Project object */;
}
